
Microsoft Visual Studio Solution File, Format Version 12.00
# Visual Studio Version 17
VisualStudioVersion = 17.8.34330.188
MinimumVisualStudioVersion = 10.0.40219.1
Project("{9A19103F-16F7-4668-BE54-9A1E7A4F7556}") = "API", "API.csproj", "{D164D96A-D15D-494C-90A7-F8157C00630A}"
EndProject
Project("{2150E333-8FDC-42A3-9474-1A3956D46DE8}") = "Solution Items", "Solution Items", "{38B84E2D-CF62-4E8E-A99E-2A784B567955}"
	ProjectSection(SolutionItems) = preProject
		appsettings.json = appsettings.json
	EndProjectSection
EndProject
Global
	GlobalSection(SolutionConfigurationPlatforms) = preSolution
		Debug|Any CPU = Debug|Any CPU
		Release|Any CPU = Release|Any CPU
	EndGlobalSection
	GlobalSection(ProjectConfigurationPlatforms) = postSolution
		{D164D96A-D15D-494C-90A7-F8157C00630A}.Debug|Any CPU.ActiveCfg = Debug|Any CPU
		{D164D96A-D15D-494C-90A7-F8157C00630A}.Debug|Any CPU.Build.0 = Debug|Any CPU
		{D164D96A-D15D-494C-90A7-F8157C00630A}.Release|Any CPU.ActiveCfg = Release|Any CPU
		{D164D96A-D15D-494C-90A7-F8157C00630A}.Release|Any CPU.Build.0 = Release|Any CPU
	EndGlobalSection
	GlobalSection(SolutionProperties) = preSolution
		HideSolutionNode = FALSE
	EndGlobalSection
	GlobalSection(ExtensibilityGlobals) = postSolution
		SolutionGuid = {C29A38F2-4A6C-4C46-A1C9-D4A9BDCE4EEB}
	EndGlobalSection
EndGlobal
